<?xml version="1.0" encoding="utf-8"?>
<Project ToolsVersion="4.0" xmlns="http://schemas.microsoft.com/developer/msbuild/2003">
  <ItemGroup>
    <Filter Include="Source Files">
      <UniqueIdentifier>{4FC737F1-C7A5-4376-A066-2A32D752A2FF}</UniqueIdentifier>
      <Extensions>cpp;c;cc;cxx;def;odl;idl;hpj;bat;asm;asmx</Extensions>
    </Filter>
    <Filter Include="Header Files">
      <UniqueIdentifier>{93995380-89BD-4b04-88EB-625FBE52EBFB}</UniqueIdentifier>
      <Extensions>h;hpp;hxx;hm;inl;inc;xsd</Extensions>
    </Filter>
    <Filter Include="Resource Files">
      <UniqueIdentifier>{67DA6AB6-F800-4c08-8B7A-83BB121AAD01}</UniqueIdentifier>
      <Extensions>rc;ico;cur;bmp;dlg;rc2;rct;bin;rgs;gif;jpg;jpeg;jpe;resx;tiff;tif;png;wav;mfcribbon-ms</Extensions>
    </Filter>
    <Filter Include="Source Files\Patches">
      <UniqueIdentifier>{000a5dc3-1dac-4abf-8c4e-fcd249be9a3c}</UniqueIdentifier>
    </Filter>
    <Filter Include="Source Files\Patches\H2Tool">
      <UniqueIdentifier>{e9bdf11d-b1b6-4c4c-8156-79df85f6dfca}</UniqueIdentifier>
    </Filter>
    <Filter Include="Source Files\Patches\H2Tool\BlamLibImports">
      <UniqueIdentifier>{daf8e8e0-7da1-49f3-9bbb-91adb88b3c71}</UniqueIdentifier>
    </Filter>
    <Filter Include="Source Files\Patches\H2Guerilla">
      <UniqueIdentifier>{a70f740b-2fff-4682-b725-1a1d6f10fe65}</UniqueIdentifier>
    </Filter>
    <Filter Include="Source Files\Patches\H2Sapien">
      <UniqueIdentifier>{be558aee-4175-471c-afac-82801a07f4b3}</UniqueIdentifier>
    </Filter>
    <Filter Include="Source Files\Interfaces">
      <UniqueIdentifier>{58180921-4d86-4ddd-9f94-6f967c0598d4}</UniqueIdentifier>
    </Filter>
    <Filter Include="Source Files\Interfaces\H2Tool">
      <UniqueIdentifier>{0ba390b2-f03c-404c-988f-facf6ae1964d}</UniqueIdentifier>
    </Filter>
    <Filter Include="Source Files\Common Interfaces">
      <UniqueIdentifier>{fa4a8928-3838-40b7-8b15-0f517eb11655}</UniqueIdentifier>
    </Filter>
    <Filter Include="Source Files\Common Interfaces\Tags">
      <UniqueIdentifier>{57453ed4-21c3-4fe6-b127-81ade21db8a0}</UniqueIdentifier>
    </Filter>
    <Filter Include="Source Files\Common Interfaces\HaloScript">
      <UniqueIdentifier>{50187530-4577-4dd1-bd6b-4bca9d0c64da}</UniqueIdentifier>
    </Filter>
    <Filter Include="Source Files\util">
      <UniqueIdentifier>{bf0d6f38-d03a-43e4-b8b2-31f929a0cd61}</UniqueIdentifier>
    </Filter>
    <Filter Include="Source Files\util\detours">
      <UniqueIdentifier>{5a7dab93-c43b-4f54-b6ef-7efaaeaadf19}</UniqueIdentifier>
    </Filter>
  </ItemGroup>
  <ItemGroup>
    <None Include="H2Tool\H2Tool_extra_commands.inl">
      <Filter>Source Files\Patches\H2Tool</Filter>
    </None>
    <None Include="H2Tool\ToolCommandDefinitions.inl">
      <Filter>Source Files\Patches\H2Tool\BlamLibImports</Filter>
    </None>
    <None Include="H2Tool\Sounds.inl">
      <Filter>Source Files\Patches\H2Tool\BlamLibImports</Filter>
    </None>
    <None Include="H2Tool\LostToolCommands.inl">
      <Filter>Source Files\Patches\H2Tool\BlamLibImports</Filter>
    </None>
    <None Include="H2Tool\Animations.inl">
      <Filter>Source Files\Patches\H2Tool\BlamLibImports</Filter>
    </None>
    <None Include="H2Tool\H2ToolLibrary.inl">
      <Filter>Source Files\Interfaces\H2Tool</Filter>
    </None>
  </ItemGroup>
  <ItemGroup>
    <ClInclude Include="stdafx.h">
      <Filter>Header Files</Filter>
    </ClInclude>
    <ClInclude Include="targetver.h">
      <Filter>Header Files</Filter>
    </ClInclude>
    <ClInclude Include="H2Tool\H2Tool_Commands.h">
      <Filter>Source Files\Patches\H2Tool</Filter>
    </ClInclude>
    <ClInclude Include="h2codez.h">
      <Filter>Source Files</Filter>
    </ClInclude>
    <ClInclude Include="Version.h">
      <Filter>Source Files\Common Interfaces</Filter>
    </ClInclude>
    <ClInclude Include="H2Tool\H2Tool_Render_Model.h">
      <Filter>Source Files\Patches\H2Tool</Filter>
    </ClInclude>
    <ClInclude Include="Resources\resource.h">
      <Filter>Resource Files</Filter>
    </ClInclude>
    <ClInclude Include="util\Detours\detours.h">
      <Filter>Source Files\util\detours</Filter>
    </ClInclude>
    <ClInclude Include="util\Detours\detver.h">
      <Filter>Source Files\util\detours</Filter>
    </ClInclude>
    <ClInclude Include="util\Logs.h">
      <Filter>Source Files\util</Filter>
    </ClInclude>
    <ClInclude Include="util\Patches.h">
      <Filter>Source Files\util</Filter>
    </ClInclude>
    <ClInclude Include="util\RingBuffer.h">
      <Filter>Source Files\util</Filter>
    </ClInclude>
    <ClInclude Include="util\Settings.h">
      <Filter>Source Files\util</Filter>
    </ClInclude>
    <ClInclude Include="HaloScript\hs_ai_behaviour.h">
      <Filter>Source Files\Common Interfaces\HaloScript</Filter>
    </ClInclude>
    <ClInclude Include="HaloScript\hs_command.h">
      <Filter>Source Files\Common Interfaces\HaloScript</Filter>
    </ClInclude>
    <ClInclude Include="HaloScript\hs_global_ids.h">
      <Filter>Source Files\Common Interfaces\HaloScript</Filter>
    </ClInclude>
    <ClInclude Include="HaloScript\hs_global_variable.h">
      <Filter>Source Files\Common Interfaces\HaloScript</Filter>
    </ClInclude>
    <ClInclude Include="HaloScript\hs_types.h">
      <Filter>Source Files\Common Interfaces\HaloScript</Filter>
    </ClInclude>
    <ClInclude Include="HaloScript\hs_opcodes.h">
      <Filter>Source Files\Common Interfaces\HaloScript</Filter>
    </ClInclude>
    <ClInclude Include="HaloScript\hs_interface.h">
      <Filter>Source Files\Common Interfaces\HaloScript</Filter>
    </ClInclude>
    <ClInclude Include="util\Debug.h">
      <Filter>Source Files\util</Filter>
    </ClInclude>
    <ClInclude Include="Common\BlamBaseTypes.h">
      <Filter>Source Files\Common Interfaces</Filter>
    </ClInclude>
    <ClInclude Include="Common\DiscordInterface.h">
      <Filter>Source Files\Common Interfaces</Filter>
    </ClInclude>
    <ClInclude Include="Common\FiloInterface.h">
      <Filter>Source Files\Common Interfaces</Filter>
    </ClInclude>
    <ClInclude Include="Common\H2EKCommon.h">
      <Filter>Source Files\Common Interfaces</Filter>
    </ClInclude>
    <ClInclude Include="Common\BasicTagTypes.h">
      <Filter>Source Files\Common Interfaces\Tags</Filter>
    </ClInclude>
    <ClInclude Include="H2Sapien\H2Sapien.h">
      <Filter>Source Files\Patches\H2Sapien</Filter>
    </ClInclude>
    <ClInclude Include="Tags\ScenarioTag.h">
      <Filter>Source Files\Common Interfaces\Tags</Filter>
    </ClInclude>
    <ClInclude Include="H2Guerilla\H2Guerilla.h">
      <Filter>Source Files\Patches\H2Guerilla</Filter>
    </ClInclude>
    <ClInclude Include="H2Sapien\Console.h">
      <Filter>Source Files\Patches\H2Sapien</Filter>
    </ClInclude>
    <ClInclude Include="util\string_util.h">
      <Filter>Source Files\util</Filter>
    </ClInclude>
    <ClInclude Include="H2Sapien\TagUpdate.h">
      <Filter>Source Files\Patches\H2Sapien</Filter>
    </ClInclude>
    <ClInclude Include="util\FileWatcher.h">
      <Filter>Source Files\util</Filter>
    </ClInclude>
    <ClInclude Include="Common\tag_group_names.h">
      <Filter>Source Files\Common Interfaces\Tags</Filter>
    </ClInclude>
    <ClInclude Include="H2Sapien\Profile.h">
      <Filter>Source Files\Patches\H2Sapien</Filter>
    </ClInclude>
    <ClInclude Include="Tags\MultiplayerGlobals.h">
      <Filter>Source Files\Common Interfaces\Tags</Filter>
    </ClInclude>
  </ItemGroup>
  <ItemGroup>
    <ClCompile Include="dllmain.cpp">
      <Filter>Source Files</Filter>
    </ClCompile>
    <ClCompile Include="h2codez.cpp">
      <Filter>Source Files</Filter>
    </ClCompile>
    <ClCompile Include="H2Tool\H2Tool_Render_Model.cpp">
      <Filter>Source Files\Patches\H2Tool</Filter>
    </ClCompile>
    <ClCompile Include="stdafx.cpp">
      <Filter>Header Files</Filter>
    </ClCompile>
    <ClCompile Include="util\Detours\detours.cpp">
      <Filter>Source Files\util\detours</Filter>
    </ClCompile>
    <ClCompile Include="util\Detours\disasm.cpp">
      <Filter>Source Files\util\detours</Filter>
    </ClCompile>
    <ClCompile Include="util\Detours\disolx86.cpp">
      <Filter>Source Files\util\detours</Filter>
    </ClCompile>
    <ClCompile Include="util\Detours\image.cpp">
      <Filter>Source Files\util\detours</Filter>
    </ClCompile>
    <ClCompile Include="util\Detours\modules.cpp">
      <Filter>Source Files\util\detours</Filter>
    </ClCompile>
    <ClCompile Include="util\Logs.cpp">
      <Filter>Source Files\util</Filter>
    </ClCompile>
    <ClCompile Include="util\Settings.cpp">
      <Filter>Source Files\util</Filter>
    </ClCompile>
    <ClCompile Include="HaloScript\hs_ai_behaviour.cpp">
      <Filter>Source Files\Common Interfaces\HaloScript</Filter>
    </ClCompile>
    <ClCompile Include="HaloScript\hs_interface.cpp">
      <Filter>Source Files\Common Interfaces\HaloScript</Filter>
    </ClCompile>
    <ClCompile Include="util\Debug.cpp">
      <Filter>Source Files\util</Filter>
    </ClCompile>
    <ClCompile Include="Common\DiscordInterface.cpp">
      <Filter>Source Files\Common Interfaces</Filter>
    </ClCompile>
    <ClCompile Include="Common\FiloInterface.cpp">
      <Filter>Source Files\Common Interfaces</Filter>
    </ClCompile>
    <ClCompile Include="Common\H2EKCommon.cpp">
      <Filter>Source Files\Common Interfaces</Filter>
    </ClCompile>
    <ClCompile Include="H2Sapien\H2Sapien.cpp">
      <Filter>Source Files\Patches\H2Sapien</Filter>
    </ClCompile>
    <ClCompile Include="H2Tool\H2Tool_Commands.cpp">
      <Filter>Source Files\Patches\H2Tool</Filter>
    </ClCompile>
    <ClCompile Include="H2Guerilla\H2Guerilla.cpp">
      <Filter>Source Files\Patches\H2Guerilla</Filter>
    </ClCompile>
    <ClCompile Include="H2Sapien\Console.cpp">
      <Filter>Source Files\Patches\H2Sapien</Filter>
    </ClCompile>
    <ClCompile Include="H2Sapien\TagUpdate.cpp">
      <Filter>Source Files\Patches\H2Sapien</Filter>
    </ClCompile>
    <ClCompile Include="util\FileWatcher.cpp">
      <Filter>Source Files\util</Filter>
    </ClCompile>
    <ClCompile Include="H2Sapien\Profile.cpp">
      <Filter>Source Files\Patches\H2Sapien</Filter>
    </ClCompile>
  </ItemGroup>
  <ItemGroup>
    <ResourceCompile Include="Resources\H2Sapien.rc">
      <Filter>Resource Files</Filter>
    </ResourceCompile>
    <ResourceCompile Include="Resources\H2Guerilla.rc">
      <Filter>Resource Files</Filter>
    </ResourceCompile>
  </ItemGroup>
</Project>